
Microsoft Visual Studio Solution File, Format Version 12.00
Project("{FAE04EC0-301F-11D3-BF4B-00C04F79EFBC}") = "Tests", "Tests\Tests.csproj", "{2E7B28B9-502E-4097-A072-27D41B9477B8}"
EndProject
Project("{FAE04EC0-301F-11D3-BF4B-00C04F79EFBC}") = "RomanNumerals", "RomanNumerals\RomanNumerals.csproj", "{CDCF17B1-67AF-4F89-9898-7F263C937D39}"
EndProject
Global
	GlobalSection(SolutionConfigurationPlatforms) = preSolution
		Debug|Any CPU = Debug|Any CPU
		Release|Any CPU = Release|Any CPU
	EndGlobalSection
	GlobalSection(ProjectConfigurationPlatforms) = postSolution
		{2E7B28B9-502E-4097-A072-27D41B9477B8}.Debug|Any CPU.ActiveCfg = Debug|Any CPU
		{2E7B28B9-502E-4097-A072-27D41B9477B8}.Debug|Any CPU.Build.0 = Debug|Any CPU
		{2E7B28B9-502E-4097-A072-27D41B9477B8}.Release|Any CPU.ActiveCfg = Release|Any CPU
		{2E7B28B9-502E-4097-A072-27D41B9477B8}.Release|Any CPU.Build.0 = Release|Any CPU
		{CDCF17B1-67AF-4F89-9898-7F263C937D39}.Debug|Any CPU.ActiveCfg = Debug|Any CPU
		{CDCF17B1-67AF-4F89-9898-7F263C937D39}.Debug|Any CPU.Build.0 = Debug|Any CPU
		{CDCF17B1-67AF-4F89-9898-7F263C937D39}.Release|Any CPU.ActiveCfg = Release|Any CPU
		{CDCF17B1-67AF-4F89-9898-7F263C937D39}.Release|Any CPU.Build.0 = Release|Any CPU
	EndGlobalSection
EndGlobal
